<?xml version="1.0" encoding="utf-8"?>
<Project ToolsVersion="4.0" xmlns="http://schemas.microsoft.com/developer/msbuild/2003">
  <ItemGroup>
    <Filter Include="Resource Files">
      <UniqueIdentifier>{67DA6AB6-F800-4c08-8B7A-83BB121AAD01}</UniqueIdentifier>
      <Extensions>rc;ico;cur;bmp;dlg;rc2;rct;bin;rgs;gif;jpg;jpeg;jpe;resx;tiff;tif;png;wav;mfcribbon-ms</Extensions>
    </Filter>
    <Filter Include="include">
      <UniqueIdentifier>{93995380-89BD-4b04-88EB-625FBE52EBFB}</UniqueIdentifier>
      <Extensions>h;hh;hpp;hxx;hm;inl;inc;xsd</Extensions>
    </Filter>
    <Filter Include="src">
      <UniqueIdentifier>{4FC737F1-C7A5-4376-A066-2A32D752A2FF}</UniqueIdentifier>
      <Extensions>cpp;c;cc;cxx;def;odl;idl;hpj;bat;asm;asmx</Extensions>
    </Filter>
    <Filter Include="src\mse">
      <UniqueIdentifier>{7f1ed673-27ca-4acf-b8ab-a4c34efb9c92}</UniqueIdentifier>
    </Filter>
    <Filter Include="civetweb">
      <UniqueIdentifier>{ee9672cf-7757-4668-b611-1a8ddf6ebd3d}</UniqueIdentifier>
    </Filter>
  </ItemGroup>
  <ItemGroup>
    <ClCompile Include="..\src\h5ss.cpp">
      <Filter>src</Filter>
    </ClCompile>
    <ClCompile Include="..\src\webserver.cpp">
      <Filter>src</Filter>
    </ClCompile>
    <ClCompile Include="..\..\3rdparty\civetweb\src\CivetServer.cpp">
      <Filter>civetweb</Filter>
    </ClCompile>
    <ClCompile Include="..\..\3rdparty\civetweb\src\civetweb.c">
      <Filter>civetweb</Filter>
    </ClCompile>
  </ItemGroup>
  <ItemGroup>
    <ClInclude Include="..\src\mse\mseapi.hpp">
      <Filter>src\mse</Filter>
    </ClInclude>
    <ClInclude Include="..\src\webserver.hpp">
      <Filter>src</Filter>
    </ClInclude>
  </ItemGroup>
</Project>